
Microsoft Visual Studio Solution File, Format Version 12.00
# Visual Studio Version 17
VisualStudioVersion = 17.0.31903.59
MinimumVisualStudioVersion = 10.0.40219.1
Project("{FAE04EC0-301F-11D3-BF4B-00C04F79EFBC}") = "API", "API\API.csproj", "{F72E0014-E747-4B26-889A-020BACB3DABA}"
EndProject
Project("{FAE04EC0-301F-11D3-BF4B-00C04F79EFBC}") = "Core", "Core\Core.csproj", "{7A701F36-B94F-438E-884A-B207BB26A234}"
EndProject
Project("{FAE04EC0-301F-11D3-BF4B-00C04F79EFBC}") = "Infrastructure", "Infrastructure\Infrastructure.csproj", "{197B2A0C-A618-4024-A95E-2552C5B08276}"
EndProject
Global
	GlobalSection(SolutionConfigurationPlatforms) = preSolution
		Debug|Any CPU = Debug|Any CPU
		Release|Any CPU = Release|Any CPU
	EndGlobalSection
	GlobalSection(SolutionProperties) = preSolution
		HideSolutionNode = FALSE
	EndGlobalSection
	GlobalSection(ProjectConfigurationPlatforms) = postSolution
		{F72E0014-E747-4B26-889A-020BACB3DABA}.Debug|Any CPU.ActiveCfg = Debug|Any CPU
		{F72E0014-E747-4B26-889A-020BACB3DABA}.Debug|Any CPU.Build.0 = Debug|Any CPU
		{F72E0014-E747-4B26-889A-020BACB3DABA}.Release|Any CPU.ActiveCfg = Release|Any CPU
		{F72E0014-E747-4B26-889A-020BACB3DABA}.Release|Any CPU.Build.0 = Release|Any CPU
		{7A701F36-B94F-438E-884A-B207BB26A234}.Debug|Any CPU.ActiveCfg = Debug|Any CPU
		{7A701F36-B94F-438E-884A-B207BB26A234}.Debug|Any CPU.Build.0 = Debug|Any CPU
		{7A701F36-B94F-438E-884A-B207BB26A234}.Release|Any CPU.ActiveCfg = Release|Any CPU
		{7A701F36-B94F-438E-884A-B207BB26A234}.Release|Any CPU.Build.0 = Release|Any CPU
		{197B2A0C-A618-4024-A95E-2552C5B08276}.Debug|Any CPU.ActiveCfg = Debug|Any CPU
		{197B2A0C-A618-4024-A95E-2552C5B08276}.Debug|Any CPU.Build.0 = Debug|Any CPU
		{197B2A0C-A618-4024-A95E-2552C5B08276}.Release|Any CPU.ActiveCfg = Release|Any CPU
		{197B2A0C-A618-4024-A95E-2552C5B08276}.Release|Any CPU.Build.0 = Release|Any CPU
	EndGlobalSection
EndGlobal
